
Microsoft Visual Studio Solution File, Format Version 12.00
# Visual Studio Version 17
VisualStudioVersion = 17.0.31903.59
MinimumVisualStudioVersion = 10.0.40219.1
Project("{8BC9CEB8-8B4A-11D0-8D11-00A0C91BC942}") = "PixelProject", "PixelProject\PixelProject.vcxproj", "{530E0A7D-4D12-4C07-B00B-9C8093433D4C}"
EndProject
Global
	GlobalSection(SolutionConfigurationPlatforms) = preSolution
		Debug|x64 = Debug|x64
		Debug|x86 = Debug|x86
		Release|x64 = Release|x64
		Release|x86 = Release|x86
	EndGlobalSection
	GlobalSection(ProjectConfigurationPlatforms) = postSolution
		{530E0A7D-4D12-4C07-B00B-9C8093433D4C}.Debug|x64.ActiveCfg = Debug|x64
		{530E0A7D-4D12-4C07-B00B-9C8093433D4C}.Debug|x64.Build.0 = Debug|x64
		{530E0A7D-4D12-4C07-B00B-9C8093433D4C}.Debug|x86.ActiveCfg = Debug|Win32
		{530E0A7D-4D12-4C07-B00B-9C8093433D4C}.Debug|x86.Build.0 = Debug|Win32
		{530E0A7D-4D12-4C07-B00B-9C8093433D4C}.Release|x64.ActiveCfg = Release|x64
		{530E0A7D-4D12-4C07-B00B-9C8093433D4C}.Release|x64.Build.0 = Release|x64
		{530E0A7D-4D12-4C07-B00B-9C8093433D4C}.Release|x86.ActiveCfg = Release|Win32
		{530E0A7D-4D12-4C07-B00B-9C8093433D4C}.Release|x86.Build.0 = Release|Win32
	EndGlobalSection
	GlobalSection(SolutionProperties) = preSolution
		HideSolutionNode = FALSE
	EndGlobalSection
	GlobalSection(ExtensibilityGlobals) = postSolution
		SolutionGuid = {EAC6AADF-400E-4008-A900-832E64F81BD8}
	EndGlobalSection
EndGlobal
