<?xml version="1.0" encoding="utf-8"?>
<Project ToolsVersion="4.0" xmlns="http://schemas.microsoft.com/developer/msbuild/2003">
  <ItemGroup>
    <Filter Include="Source Files">
      <UniqueIdentifier>{4FC737F1-C7A5-4376-A066-2A32D752A2FF}</UniqueIdentifier>
      <Extensions>cpp;c;cc;cxx;c++;def;odl;idl;hpj;bat;asm;asmx</Extensions>
    </Filter>
    <Filter Include="Header Files">
      <UniqueIdentifier>{93995380-89BD-4b04-88EB-625FBE52EBFB}</UniqueIdentifier>
      <Extensions>h;hh;hpp;hxx;h++;hm;inl;inc;ipp;xsd</Extensions>
    </Filter>
    <Filter Include="Resource Files">
      <UniqueIdentifier>{67DA6AB6-F800-4c08-8B7A-83BB121AAD01}</UniqueIdentifier>
      <Extensions>rc;ico;cur;bmp;dlg;rc2;rct;bin;rgs;gif;jpg;jpeg;jpe;resx;tiff;tif;png;wav;mfcribbon-ms</Extensions>
    </Filter>
    <Filter Include="Header Files\Math">
      <UniqueIdentifier>{1e62006c-1367-4003-b261-3bb1e7f705c9}</UniqueIdentifier>
    </Filter>
    <Filter Include="Header Files\World">
      <UniqueIdentifier>{7d777a9d-cd03-4ccb-a3ce-1aef9af8f6bc}</UniqueIdentifier>
    </Filter>
    <Filter Include="Source Files\World">
      <UniqueIdentifier>{ab0614a8-7e04-40da-bb25-8040321447c0}</UniqueIdentifier>
    </Filter>
    <Filter Include="Header Files\Config">
      <UniqueIdentifier>{f78233e5-4eb4-45a9-82dd-c1325d2a2823}</UniqueIdentifier>
    </Filter>
    <Filter Include="Source Files\Config">
      <UniqueIdentifier>{40ed5509-e7ed-4fa1-ad47-a1a4a176f0d9}</UniqueIdentifier>
    </Filter>
    <Filter Include="Header Files\Camera">
      <UniqueIdentifier>{8ebc31ba-d166-49b2-a725-51ba9b9c5c76}</UniqueIdentifier>
    </Filter>
    <Filter Include="Source Files\Camera">
      <UniqueIdentifier>{77f05dbd-dafc-4957-a2cb-2947bbdd2c18}</UniqueIdentifier>
    </Filter>
    <Filter Include="Header Files\Input">
      <UniqueIdentifier>{c6feaf10-0331-4783-9f34-c7542fa68ad8}</UniqueIdentifier>
    </Filter>
    <Filter Include="Source Files\Input">
      <UniqueIdentifier>{19fbb142-321a-4a68-88bb-21a10320b3e5}</UniqueIdentifier>
    </Filter>
    <Filter Include="Header Files\Debug">
      <UniqueIdentifier>{47e5ece4-2228-4f7f-b91d-f4edefd315ee}</UniqueIdentifier>
    </Filter>
    <Filter Include="Header Files\boost">
      <UniqueIdentifier>{b6c34a87-5e11-498e-a0d1-7a2dd5c7652d}</UniqueIdentifier>
    </Filter>
    <Filter Include="Header Files\Containers">
      <UniqueIdentifier>{425c57c3-7891-46fd-94de-92163ed0270e}</UniqueIdentifier>
    </Filter>
    <Filter Include="Header Files\World\Pixels">
      <UniqueIdentifier>{d4470289-2011-4e2f-aa37-150f6ba0a023}</UniqueIdentifier>
    </Filter>
    <Filter Include="Header Files\World\Utility">
      <UniqueIdentifier>{dbca8756-a4a7-49a4-8dc1-9ca66c22779f}</UniqueIdentifier>
    </Filter>
    <Filter Include="Header Files\GUI">
      <UniqueIdentifier>{eb7eb40a-8728-4c6b-9759-9188af90ce27}</UniqueIdentifier>
    </Filter>
    <Filter Include="Source Files\GUI">
      <UniqueIdentifier>{72295bee-62cd-48c5-9e51-92515e73ebcf}</UniqueIdentifier>
    </Filter>
    <Filter Include="Source Files\Math">
      <UniqueIdentifier>{03a16b45-cbf7-4615-89c1-7ef79a49a7f3}</UniqueIdentifier>
    </Filter>
    <Filter Include="Source Files\ImGUI">
      <UniqueIdentifier>{f28b432e-ad37-47e0-a679-66e5e35657e5}</UniqueIdentifier>
    </Filter>
    <Filter Include="Source Files\ImGUI\ImGUISDL">
      <UniqueIdentifier>{f66781e2-75b0-484d-97cb-b0a206837fe7}</UniqueIdentifier>
    </Filter>
    <Filter Include="Header Files\Interfaces">
      <UniqueIdentifier>{5967561a-fdea-4afa-8837-f3d0d3fee2aa}</UniqueIdentifier>
    </Filter>
    <Filter Include="Header Files\Utility">
      <UniqueIdentifier>{d35935b2-2719-464c-aa83-9b67d198afb6}</UniqueIdentifier>
    </Filter>
  </ItemGroup>
  <ItemGroup>
    <ClCompile Include="main.cpp">
      <Filter>Source Files</Filter>
    </ClCompile>
    <ClCompile Include="SDL_FontCache\SDL_FontCache.c">
      <Filter>Source Files</Filter>
    </ClCompile>
    <ClCompile Include="WorldSimulator.cpp">
      <Filter>Source Files\World</Filter>
    </ClCompile>
    <ClCompile Include="WorldChunk.cpp">
      <Filter>Source Files\World</Filter>
    </ClCompile>
    <ClCompile Include="Camera.cpp">
      <Filter>Source Files\Camera</Filter>
    </ClCompile>
    <ClCompile Include="..\..\..\Libraries\imgui-master\imgui_draw.cpp">
      <Filter>Source Files\ImGUI</Filter>
    </ClCompile>
    <ClCompile Include="..\..\..\Libraries\imgui-master\imgui_tables.cpp">
      <Filter>Source Files\ImGUI</Filter>
    </ClCompile>
    <ClCompile Include="..\..\..\Libraries\imgui-master\imgui_widgets.cpp">
      <Filter>Source Files\ImGUI</Filter>
    </ClCompile>
    <ClCompile Include="..\..\..\Libraries\imgui-master\imgui.cpp">
      <Filter>Source Files\ImGUI</Filter>
    </ClCompile>
    <ClCompile Include="..\..\..\Libraries\imgui-master\imgui_demo.cpp">
      <Filter>Source Files\ImGUI</Filter>
    </ClCompile>
    <ClCompile Include="..\..\..\Libraries\imgui_sdl-master\imgui_sdl.cpp">
      <Filter>Source Files\ImGUI\ImGUISDL</Filter>
    </ClCompile>
    <ClCompile Include="InputManager.cpp">
      <Filter>Source Files\Input</Filter>
    </ClCompile>
    <ClCompile Include="WorldDataHandler.cpp">
      <Filter>Source Files\World</Filter>
    </ClCompile>
  </ItemGroup>
  <ItemGroup>
    <ClInclude Include="SDL_FontCache\SDL_FontCache.h">
      <Filter>Header Files</Filter>
    </ClInclude>
    <ClInclude Include="Vec2.h">
      <Filter>Header Files\Math</Filter>
    </ClInclude>
    <ClInclude Include="WorldChunk.h">
      <Filter>Header Files\World</Filter>
    </ClInclude>
    <ClInclude Include="WorldSimulator.h">
      <Filter>Header Files\World</Filter>
    </ClInclude>
    <ClInclude Include="GameObject.h">
      <Filter>Header Files</Filter>
    </ClInclude>
    <ClInclude Include="GameSettings.h">
      <Filter>Header Files\Config</Filter>
    </ClInclude>
    <ClInclude Include="VecHash.h">
      <Filter>Header Files\Math</Filter>
    </ClInclude>
    <ClInclude Include="LinkedList.h">
      <Filter>Header Files</Filter>
    </ClInclude>
    <ClInclude Include="MemoryUsage.h">
      <Filter>Header Files\Debug</Filter>
    </ClInclude>
    <ClInclude Include="boost\threadpool.hpp">
      <Filter>Header Files\boost</Filter>
    </ClInclude>
    <ClInclude Include="Camera.h">
      <Filter>Header Files\Camera</Filter>
    </ClInclude>
    <ClInclude Include="Logger.h">
      <Filter>Header Files\Debug</Filter>
    </ClInclude>
    <ClInclude Include="GroundPixel.h">
      <Filter>Header Files\World\Pixels</Filter>
    </ClInclude>
    <ClInclude Include="WaterPixel.h">
      <Filter>Header Files\World\Pixels</Filter>
    </ClInclude>
    <ClInclude Include="ChunkDirection.h">
      <Filter>Header Files\World\Utility</Filter>
    </ClInclude>
    <ClInclude Include="PaintManager.h">
      <Filter>Header Files\Input</Filter>
    </ClInclude>
    <ClInclude Include="WorldDataHandler.h">
      <Filter>Header Files\World</Filter>
    </ClInclude>
    <ClInclude Include="BasePixel.h">
      <Filter>Header Files\World\Pixels</Filter>
    </ClInclude>
    <ClInclude Include="..\..\..\Libraries\imgui-master\imgui_internal.h">
      <Filter>Source Files\ImGUI</Filter>
    </ClInclude>
    <ClInclude Include="..\..\..\Libraries\imgui-master\imstb_rectpack.h">
      <Filter>Source Files\ImGUI</Filter>
    </ClInclude>
    <ClInclude Include="..\..\..\Libraries\imgui-master\imstb_textedit.h">
      <Filter>Source Files\ImGUI</Filter>
    </ClInclude>
    <ClInclude Include="..\..\..\Libraries\imgui-master\imstb_truetype.h">
      <Filter>Source Files\ImGUI</Filter>
    </ClInclude>
    <ClInclude Include="..\..\..\Libraries\imgui-master\imconfig.h">
      <Filter>Source Files\ImGUI</Filter>
    </ClInclude>
    <ClInclude Include="..\..\..\Libraries\imgui-master\imgui.h">
      <Filter>Source Files\ImGUI</Filter>
    </ClInclude>
    <ClInclude Include="..\..\..\Libraries\imgui_sdl-master\imgui_sdl.h">
      <Filter>Source Files\ImGUI\ImGUISDL</Filter>
    </ClInclude>
    <ClInclude Include="GUIManager.h">
      <Filter>Header Files\GUI</Filter>
    </ClInclude>
    <ClInclude Include="SandPixel.h">
      <Filter>Header Files\World\Pixels</Filter>
    </ClInclude>
    <ClInclude Include="SpacePixel.h">
      <Filter>Header Files\World\Pixels</Filter>
    </ClInclude>
    <ClInclude Include="InputManager.h">
      <Filter>Header Files\Input</Filter>
    </ClInclude>
    <ClInclude Include="InputKeyCodes.h">
      <Filter>Source Files\Input</Filter>
    </ClInclude>
    <ClInclude Include="PixelTypeIncludes.h">
      <Filter>Header Files\World\Pixels</Filter>
    </ClInclude>
    <ClInclude Include="DebugStopWatch.h">
      <Filter>Header Files\Debug</Filter>
    </ClInclude>
    <ClInclude Include="lib\XoshiroCpp.hpp">
      <Filter>Header Files</Filter>
    </ClInclude>
    <ClInclude Include="IO.h">
      <Filter>Header Files</Filter>
    </ClInclude>
    <ClInclude Include="ConfigFile.h">
      <Filter>Header Files\Config</Filter>
    </ClInclude>
    <ClInclude Include="ISerializable.h">
      <Filter>Header Files\Interfaces</Filter>
    </ClInclude>
    <ClInclude Include="WoodPixel.h">
      <Filter>Header Files\World\Pixels</Filter>
    </ClInclude>
    <ClInclude Include="OilPixel.h">
      <Filter>Header Files\World\Pixels</Filter>
    </ClInclude>
    <ClInclude Include="FirePixel.h">
      <Filter>Header Files\World\Pixels</Filter>
    </ClInclude>
    <ClInclude Include="Constants.h">
      <Filter>Header Files</Filter>
    </ClInclude>
    <ClInclude Include="AcidPixel.h">
      <Filter>Header Files\World\Pixels</Filter>
    </ClInclude>
    <ClInclude Include="BitWise.h">
      <Filter>Header Files\Utility</Filter>
    </ClInclude>
  </ItemGroup>
  <ItemGroup>
    <None Include="packages.config" />
    <None Include="cpp.hint" />
  </ItemGroup>
</Project>